# This file is generated by running "yarn install" inside your project.
# Manual changes might be lost - proceed with caution!

__metadata:
  version: 7
  cacheKey: 9

"root-workspace-0b6124@workspace:.":
  version: 0.0.0-use.local
  resolution: "root-workspace-0b6124@workspace:."
  dependencies:
    xml2js: "npm:^0.4.23"
  languageName: unknown
  linkType: soft

"sax@npm:>=0.6.0":
  version: 1.2.4
  resolution: "sax@npm:1.2.4"
  checksum: 2917c3ef3cab1307aa14036705b599c7fd1b51756189e67bd1f23193cdc5ceac9bd59104830542cfb6326febfd1dce73acc08fecfa615c4c920c94a9a6ccbda4
  languageName: node
  linkType: hard

"xml2js@npm:^0.4.23":
  version: 0.4.23
  resolution: "xml2js@npm:0.4.23"
  dependencies:
    sax: "npm:>=0.6.0"
    xmlbuilder: "npm:~11.0.0"
  checksum: 89bcbacc481f7dc9519328e9554c460244ab3253c38bc3fea7f3130e5e1dd9829d20a47892422611ced8960b332bc8c39886fbce8fe78e77de6165203d424a45
  languageName: node
  linkType: hard

"xmlbuilder@npm:~11.0.0":
  version: 11.0.1
  resolution: "xmlbuilder@npm:11.0.1"
  checksum: 5de9c0d9f3a376c3c8b66d2898aadcbca8ad4e41bd44551dc12e1bc3c9cb8dad2b6de4937f765d7457e3ff41a3790e8a5a7948f0e2888f7cc562eb62716a496d
  languageName: node
  linkType: hard
